
Microsoft Visual Studio Solution File, Format Version 12.00
# Visual Studio 2012
Project("{FAE04EC0-301F-11D3-BF4B-00C04F79EFBC}") = "Bai1 - Server", "Bai1 - Server\Bai1 - Server.csproj", "{8A1E4765-B25F-4A95-BE97-4AF2B7A1C5C8}"
EndProject
Project("{FAE04EC0-301F-11D3-BF4B-00C04F79EFBC}") = "Bai2 - Client", "Bai2 - Client\Bai2 - Client.csproj", "{CC91BBF1-21FF-4A40-B334-A402E27808D3}"
EndProject
Global
	GlobalSection(SolutionConfigurationPlatforms) = preSolution
		Debug|Any CPU = Debug|Any CPU
		Release|Any CPU = Release|Any CPU
	EndGlobalSection
	GlobalSection(ProjectConfigurationPlatforms) = postSolution
		{8A1E4765-B25F-4A95-BE97-4AF2B7A1C5C8}.Debug|Any CPU.ActiveCfg = Debug|Any CPU
		{8A1E4765-B25F-4A95-BE97-4AF2B7A1C5C8}.Debug|Any CPU.Build.0 = Debug|Any CPU
		{8A1E4765-B25F-4A95-BE97-4AF2B7A1C5C8}.Release|Any CPU.ActiveCfg = Release|Any CPU
		{8A1E4765-B25F-4A95-BE97-4AF2B7A1C5C8}.Release|Any CPU.Build.0 = Release|Any CPU
		{CC91BBF1-21FF-4A40-B334-A402E27808D3}.Debug|Any CPU.ActiveCfg = Debug|Any CPU
		{CC91BBF1-21FF-4A40-B334-A402E27808D3}.Debug|Any CPU.Build.0 = Debug|Any CPU
		{CC91BBF1-21FF-4A40-B334-A402E27808D3}.Release|Any CPU.ActiveCfg = Release|Any CPU
		{CC91BBF1-21FF-4A40-B334-A402E27808D3}.Release|Any CPU.Build.0 = Release|Any CPU
	EndGlobalSection
	GlobalSection(SolutionProperties) = preSolution
		HideSolutionNode = FALSE
	EndGlobalSection
EndGlobal
