
Microsoft Visual Studio Solution File, Format Version 12.00
# Visual Studio 2012
Project("{FAE04EC0-301F-11D3-BF4B-00C04F79EFBC}") = "bai3", "bai3\bai3.csproj", "{FC6D4CC5-F6E0-4D7B-8E43-C5B5E8E0180B}"
EndProject
Project("{FAE04EC0-301F-11D3-BF4B-00C04F79EFBC}") = "bai2", "bai2\bai2.csproj", "{CF940651-A328-419E-8326-0870BC333A57}"
EndProject
Global
	GlobalSection(SolutionConfigurationPlatforms) = preSolution
		Debug|Any CPU = Debug|Any CPU
		Release|Any CPU = Release|Any CPU
	EndGlobalSection
	GlobalSection(ProjectConfigurationPlatforms) = postSolution
		{FC6D4CC5-F6E0-4D7B-8E43-C5B5E8E0180B}.Debug|Any CPU.ActiveCfg = Debug|Any CPU
		{FC6D4CC5-F6E0-4D7B-8E43-C5B5E8E0180B}.Debug|Any CPU.Build.0 = Debug|Any CPU
		{FC6D4CC5-F6E0-4D7B-8E43-C5B5E8E0180B}.Release|Any CPU.ActiveCfg = Release|Any CPU
		{FC6D4CC5-F6E0-4D7B-8E43-C5B5E8E0180B}.Release|Any CPU.Build.0 = Release|Any CPU
		{CF940651-A328-419E-8326-0870BC333A57}.Debug|Any CPU.ActiveCfg = Debug|Any CPU
		{CF940651-A328-419E-8326-0870BC333A57}.Debug|Any CPU.Build.0 = Debug|Any CPU
		{CF940651-A328-419E-8326-0870BC333A57}.Release|Any CPU.ActiveCfg = Release|Any CPU
		{CF940651-A328-419E-8326-0870BC333A57}.Release|Any CPU.Build.0 = Release|Any CPU
	EndGlobalSection
	GlobalSection(SolutionProperties) = preSolution
		HideSolutionNode = FALSE
	EndGlobalSection
EndGlobal
